
Microsoft Visual Studio Solution File, Format Version 12.00
# Visual Studio Version 17
VisualStudioVersion = 17.3.32825.248
MinimumVisualStudioVersion = 10.0.40219.1
Project("{FAE04EC0-301F-11D3-BF4B-00C04F79EFBC}") = "CQRS_Mediator", "CQRS_Mediator.csproj", "{4E71668D-0907-4951-BF37-0767440863F5}"
EndProject
Global
	GlobalSection(SolutionConfigurationPlatforms) = preSolution
		Debug|Any CPU = Debug|Any CPU
		Release|Any CPU = Release|Any CPU
	EndGlobalSection
	GlobalSection(ProjectConfigurationPlatforms) = postSolution
		{4E71668D-0907-4951-BF37-0767440863F5}.Debug|Any CPU.ActiveCfg = Debug|Any CPU
		{4E71668D-0907-4951-BF37-0767440863F5}.Debug|Any CPU.Build.0 = Debug|Any CPU
		{4E71668D-0907-4951-BF37-0767440863F5}.Release|Any CPU.ActiveCfg = Release|Any CPU
		{4E71668D-0907-4951-BF37-0767440863F5}.Release|Any CPU.Build.0 = Release|Any CPU
	EndGlobalSection
	GlobalSection(SolutionProperties) = preSolution
		HideSolutionNode = FALSE
	EndGlobalSection
	GlobalSection(ExtensibilityGlobals) = postSolution
		SolutionGuid = {746F2A5B-BE21-4E92-A979-829F585CA982}
	EndGlobalSection
EndGlobal
